
Microsoft Visual Studio Solution File, Format Version 12.00
# Visual Studio Version 17
VisualStudioVersion = 17.7.34031.279
MinimumVisualStudioVersion = 10.0.40219.1
Project("{FAE04EC0-301F-11D3-BF4B-00C04F79EFBC}") = "Webapp", "Webapp\Webapp.csproj", "{73BC7129-F4FD-4323-ABB8-7C833A1913CF}"
EndProject
Global
	GlobalSection(SolutionConfigurationPlatforms) = preSolution
		Debug|Any CPU = Debug|Any CPU
		Release|Any CPU = Release|Any CPU
	EndGlobalSection
	GlobalSection(ProjectConfigurationPlatforms) = postSolution
		{73BC7129-F4FD-4323-ABB8-7C833A1913CF}.Debug|Any CPU.ActiveCfg = Debug|Any CPU
		{73BC7129-F4FD-4323-ABB8-7C833A1913CF}.Debug|Any CPU.Build.0 = Debug|Any CPU
		{73BC7129-F4FD-4323-ABB8-7C833A1913CF}.Release|Any CPU.ActiveCfg = Release|Any CPU
		{73BC7129-F4FD-4323-ABB8-7C833A1913CF}.Release|Any CPU.Build.0 = Release|Any CPU
	EndGlobalSection
	GlobalSection(SolutionProperties) = preSolution
		HideSolutionNode = FALSE
	EndGlobalSection
	GlobalSection(ExtensibilityGlobals) = postSolution
		SolutionGuid = {FE0464CC-43FC-4A67-A4D2-48158159315F}
	EndGlobalSection
EndGlobal
